github.com/gorilla/websocket v1.5.3 h1:saDtZ6Pbx/0u+bgYQ3q96pZgCzfhKXGPqt7kZ72aNNg=
github.com/gorilla/websocket v1.5.3/go.mod h1:YR8l580nyteQvAITg2hZ9XVh4b55+EU/adAjf1fMHhE=
github.com/hraban/opus v0.0.0-20251117090126-c76ea7e21bf3 h1:0Cfb13Z/8Hdt9TSqgAQbQDAHgXyeq242y2lZ2JzFjNw=
github.com/hraban/opus v0.0.0-20251117090126-c76ea7e21bf3/go.mod h1:12ayqqPQ1IxPiV4oWRgHfcDGhNQkx12X5k2hAayezW0=
