
Microsoft Visual Studio Solution File, Format Version 12.00
# Visual Studio Version 17
VisualStudioVersion = 17.0.31903.59
MinimumVisualStudioVersion = 10.0.40219.1
Project("{2150E333-8FDC-42A3-9474-1A3956D46DE8}") = "src", "src", "{B5D66153-8BB9-4894-B784-6952AF181B77}"
EndProject
Project("{FAE04EC0-301F-11D3-BF4B-00C04F79EFBC}") = "OWalkie.Desktop.Wpf", "src\OWalkie.Desktop.Wpf\OWalkie.Desktop.Wpf.csproj", "{76223170-DE81-4EFF-BAA3-CF316208102D}"
EndProject
Global
	GlobalSection(SolutionConfigurationPlatforms) = preSolution
		Debug|Any CPU = Debug|Any CPU
		Release|Any CPU = Release|Any CPU
	EndGlobalSection
	GlobalSection(SolutionProperties) = preSolution
		HideSolutionNode = FALSE
	EndGlobalSection
	GlobalSection(ProjectConfigurationPlatforms) = postSolution
		{76223170-DE81-4EFF-BAA3-CF316208102D}.Debug|Any CPU.ActiveCfg = Debug|Any CPU
		{76223170-DE81-4EFF-BAA3-CF316208102D}.Debug|Any CPU.Build.0 = Debug|Any CPU
		{76223170-DE81-4EFF-BAA3-CF316208102D}.Release|Any CPU.ActiveCfg = Release|Any CPU
		{76223170-DE81-4EFF-BAA3-CF316208102D}.Release|Any CPU.Build.0 = Release|Any CPU
	EndGlobalSection
	GlobalSection(NestedProjects) = preSolution
		{76223170-DE81-4EFF-BAA3-CF316208102D} = {B5D66153-8BB9-4894-B784-6952AF181B77}
	EndGlobalSection
EndGlobal
